
Microsoft Visual Studio Solution File, Format Version 12.00
# Visual Studio 15
VisualStudioVersion = 15.0.27130.2010
MinimumVisualStudioVersion = 10.0.40219.1
Project("{FAE04EC0-301F-11D3-BF4B-00C04F79EFBC}") = "WinForms_Async", "WinForms_Async\WinForms_Async.csproj", "{7330046E-EFC2-4CD6-9C4D-30607150804F}"
EndProject
Global
	GlobalSection(SolutionConfigurationPlatforms) = preSolution
		Debug|Any CPU = Debug|Any CPU
		Release|Any CPU = Release|Any CPU
	EndGlobalSection
	GlobalSection(ProjectConfigurationPlatforms) = postSolution
		{7330046E-EFC2-4CD6-9C4D-30607150804F}.Debug|Any CPU.ActiveCfg = Debug|Any CPU
		{7330046E-EFC2-4CD6-9C4D-30607150804F}.Debug|Any CPU.Build.0 = Debug|Any CPU
		{7330046E-EFC2-4CD6-9C4D-30607150804F}.Release|Any CPU.ActiveCfg = Release|Any CPU
		{7330046E-EFC2-4CD6-9C4D-30607150804F}.Release|Any CPU.Build.0 = Release|Any CPU
	EndGlobalSection
	GlobalSection(SolutionProperties) = preSolution
		HideSolutionNode = FALSE
	EndGlobalSection
	GlobalSection(ExtensibilityGlobals) = postSolution
		SolutionGuid = {AEEF5636-2F11-4B05-B95E-7C12060C33D0}
	EndGlobalSection
EndGlobal
